// !$*UTF8*$!
{
	archiveVersion = 1;
	classes = {
	};
	objectVersion = 56;
	objects = {

/* Begin PBXBuildFile section */
		922427EA2BDC55D700BCED8A /* AppDelegate.swift in Sources */ = {isa = PBXBuildFile; fileRef = 922427E92BDC55D700BCED8A /* AppDelegate.swift */; };
		922427EC2BDC55D700BCED8A /* SceneDelegate.swift in Sources */ = {isa = PBXBuildFile; fileRef = 922427EB2BDC55D700BCED8A /* SceneDelegate.swift */; };
		922427EE2BDC55D700BCED8A /* ViewController.swift in Sources */ = {isa = PBXBuildFile; fileRef = 922427ED2BDC55D700BCED8A /* ViewController.swift */; };
		922427F12BDC55D700BCED8A /* Base in Resources */ = {isa = PBXBuildFile; fileRef = 922427F02BDC55D700BCED8A /* Base */; };
		922427F32BDC55D800BCED8A /* Assets.xcassets in Resources */ = {isa = PBXBuildFile; fileRef = 922427F22BDC55D800BCED8A /* Assets.xcassets */; };
		922427F62BDC55D800BCED8A /* Base in Resources */ = {isa = PBXBuildFile; fileRef = 922427F52BDC55D800BCED8A /* Base */; };
		922427FE2BDC55ED00BCED8A /* NetworkManager.swift in Sources */ = {isa = PBXBuildFile; fileRef = 922427FD2BDC55ED00BCED8A /* NetworkManager.swift */; };
		922428002BDC578E00BCED8A /* ModelClass.swift in Sources */ = {isa = PBXBuildFile; fileRef = 922427FF2BDC578E00BCED8A /* ModelClass.swift */; };
		922428022BDC791C00BCED8A /* Employee.json in Resources */ = {isa = PBXBuildFile; fileRef = 922428012BDC791C00BCED8A /* Employee.json */; };
/* End PBXBuildFile section */

/* Begin PBXFileReference section */
		922427E62BDC55D700BCED8A /* SOLIDprinciples.app */ = {isa = PBXFileReference; explicitFileType = wrapper.application; includeInIndex = 0; path = SOLIDprinciples.app; sourceTree = BUILT_PRODUCTS_DIR; };
		922427E92BDC55D700BCED8A /* AppDelegate.swift */ = {isa = PBXFileReference; lastKnownFileType = sourcecode.swift; path = AppDelegate.swift; sourceTree = "<group>"; };
		922427EB2BDC55D700BCED8A /* SceneDelegate.swift */ = {isa = PBXFileReference; lastKnownFileType = sourcecode.swift; path = SceneDelegate.swift; sourceTree = "<group>"; };
		922427ED2BDC55D700BCED8A /* ViewController.swift */ = {isa = PBXFileReference; lastKnownFileType = sourcecode.swift; path = ViewController.swift; sourceTree = "<group>"; };
		922427F02BDC55D700BCED8A /* Base */ = {isa = PBXFileReference; lastKnownFileType = file.storyboard; name = Base; path = Base.lproj/Main.storyboard; sourceTree = "<group>"; };
		922427F22BDC55D800BCED8A /* Assets.xcassets */ = {isa = PBXFileReference; lastKnownFileType = folder.assetcatalog; path = Assets.xcassets; sourceTree = "<group>"; };
		922427F52BDC55D800BCED8A /* Base */ = {isa = PBXFileReference; lastKnownFileType = file.storyboard; name = Base; path = Base.lproj/LaunchScreen.storyboard; sourceTree = "<group>"; };
		922427F72BDC55D800BCED8A /* Info.plist */ = {isa = PBXFileReference; lastKnownFileType = text.plist.xml; path = Info.plist; sourceTree = "<group>"; };
		922427FD2BDC55ED00BCED8A /* NetworkManager.swift */ = {isa = PBXFileReference; lastKnownFileType = sourcecode.swift; path = NetworkManager.swift; sourceTree = "<group>"; };
		922427FF2BDC578E00BCED8A /* ModelClass.swift */ = {isa = PBXFileReference; lastKnownFileType = sourcecode.swift; path = ModelClass.swift; sourceTree = "<group>"; };
		922428012BDC791C00BCED8A /* Employee.json */ = {isa = PBXFileReference; fileEncoding = 4; lastKnownFileType = text.json; path = Employee.json; sourceTree = "<group>"; };
/* End PBXFileReference section */

/* Begin PBXFrameworksBuildPhase section */
		922427E32BDC55D700BCED8A /* Frameworks */ = {
			isa = PBXFrameworksBuildPhase;
			buildActionMask = 2147483647;
			files = (
			);
			runOnlyForDeploymentPostprocessing = 0;
		};
/* End PBXFrameworksBuildPhase section */

/* Begin PBXGroup section */
		922427DD2BDC55D700BCED8A = {
			isa = PBXGroup;
			children = (
				922427E82BDC55D700BCED8A /* SOLIDprinciples */,
				922427E72BDC55D700BCED8A /* Products */,
			);
			sourceTree = "<group>";
		};
		922427E72BDC55D700BCED8A /* Products */ = {
			isa = PBXGroup;
			children = (
				922427E62BDC55D700BCED8A /* SOLIDprinciples.app */,
			);
			name = Products;
			sourceTree = "<group>";
		};
		922427E82BDC55D700BCED8A /* SOLIDprinciples */ = {
			isa = PBXGroup;
			children = (
				922428012BDC791C00BCED8A /* Employee.json */,
				922427E92BDC55D700BCED8A /* AppDelegate.swift */,
				922427EB2BDC55D700BCED8A /* SceneDelegate.swift */,
				922427ED2BDC55D700BCED8A /* ViewController.swift */,
				922427FD2BDC55ED00BCED8A /* NetworkManager.swift */,
				922427FF2BDC578E00BCED8A /* ModelClass.swift */,
				922427EF2BDC55D700BCED8A /* Main.storyboard */,
				922427F22BDC55D800BCED8A /* Assets.xcassets */,
				922427F42BDC55D800BCED8A /* LaunchScreen.storyboard */,
				922427F72BDC55D800BCED8A /* Info.plist */,
			);
			path = SOLIDprinciples;
			sourceTree = "<group>";
		};
/* End PBXGroup section */

/* Begin PBXNativeTarget section */
		922427E52BDC55D700BCED8A /* SOLIDprinciples */ = {
			isa = PBXNativeTarget;
			buildConfigurationList = 922427FA2BDC55D800BCED8A /* Build configuration list for PBXNativeTarget "SOLIDprinciples" */;
			buildPhases = (
				922427E22BDC55D700BCED8A /* Sources */,
				922427E32BDC55D700BCED8A /* Frameworks */,
				922427E42BDC55D700BCED8A /* Resources */,
			);
			buildRules = (
			);
			dependencies = (
			);
			name = SOLIDprinciples;
			productName = SOLIDprinciples;
			productReference = 922427E62BDC55D700BCED8A /* SOLIDprinciples.app */;
			productType = "com.apple.product-type.application";
		};
/* End PBXNativeTarget section */

/* Begin PBXProject section */
		922427DE2BDC55D700BCED8A /* Project object */ = {
			isa = PBXProject;
			attributes = {
				BuildIndependentTargetsInParallel = 1;
				LastSwiftUpdateCheck = 1530;
				LastUpgradeCheck = 1530;
				TargetAttributes = {
					922427E52BDC55D700BCED8A = {
						CreatedOnToolsVersion = 15.3;
					};
				};
			};
			buildConfigurationList = 922427E12BDC55D700BCED8A /* Build configuration list for PBXProject "SOLIDprinciples" */;
			compatibilityVersion = "Xcode 14.0";
			developmentRegion = en;
			hasScannedForEncodings = 0;
			knownRegions = (
				en,
				Base,
			);
			mainGroup = 922427DD2BDC55D700BCED8A;
			productRefGroup = 922427E72BDC55D700BCED8A /* Products */;
			projectDirPath = "";
			projectRoot = "";
			targets = (
				922427E52BDC55D700BCED8A /* SOLIDprinciples */,
			);
		};
/* End PBXProject section */

/* Begin PBXResourcesBuildPhase section */
		922427E42BDC55D700BCED8A /* Resources */ = {
			isa = PBXResourcesBuildPhase;
			buildActionMask = 2147483647;
			files = (
				922427F32BDC55D800BCED8A /* Assets.xcassets in Resources */,
				922428022BDC791C00BCED8A /* Employee.json in Resources */,
				922427F62BDC55D800BCED8A /* Base in Resources */,
				922427F12BDC55D700BCED8A /* Base in Resources */,
			);
			runOnlyForDeploymentPostprocessing = 0;
		};
/* End PBXResourcesBuildPhase section */

/* Begin PBXSourcesBuildPhase section */
		922427E22BDC55D700BCED8A /* Sources */ = {
			isa = PBXSourcesBuildPhase;
			buildActionMask = 2147483647;
			files = (
				922428002BDC578E00BCED8A /* ModelClass.swift in Sources */,
				922427FE2BDC55ED00BCED8A /* NetworkManager.swift in Sources */,
				922427EE2BDC55D700BCED8A /* ViewController.swift in Sources */,
				922427EA2BDC55D700BCED8A /* AppDelegate.swift in Sources */,
				922427EC2BDC55D700BCED8A /* SceneDelegate.swift in Sources */,
			);
			runOnlyForDeploymentPostprocessing = 0;
		};
/* End PBXSourcesBuildPhase section */

/* Begin PBXVariantGroup section */
		922427EF2BDC55D700BCED8A /* Main.storyboard */ = {
			isa = PBXVariantGroup;
			children = (
				922427F02BDC55D700BCED8A /* Base */,
			);
			name = Main.storyboard;
			sourceTree = "<group>";
		};
		922427F42BDC55D800BCED8A /* LaunchScreen.storyboard */ = {
			isa = PBXVariantGroup;
			children = (
				922427F52BDC55D800BCED8A /* Base */,
			);
			name = LaunchScreen.storyboard;
			sourceTree = "<group>";
		};
/* End PBXVariantGroup section */

/* Begin XCBuildConfiguration section */
		922427F82BDC55D800BCED8A /* Debug */ = {
			isa = XCBuildConfiguration;
			buildSettings = {
				ALWAYS_SEARCH_USER_PATHS = NO;
				ASSETCATALOG_COMPILER_GENERATE_SWIFT_ASSET_SYMBOL_EXTENSIONS = YES;
				CLANG_ANALYZER_NONNULL = YES;
				CLANG_ANALYZER_NUMBER_OBJECT_CONVERSION = YES_AGGRESSIVE;
				CLANG_CXX_LANGUAGE_STANDARD = "gnu++20";
				CLANG_ENABLE_MODULES = YES;
				CLANG_ENABLE_OBJC_ARC = YES;
				CLANG_ENABLE_OBJC_WEAK = YES;
				CLANG_WARN_BLOCK_CAPTURE_AUTORELEASING = YES;
				CLANG_WARN_BOOL_CONVERSION = YES;
				CLANG_WARN_COMMA = YES;
				CLANG_WARN_CONSTANT_CONVERSION = YES;
				CLANG_WARN_DEPRECATED_OBJC_IMPLEMENTATIONS = YES;
				CLANG_WARN_DIRECT_OBJC_ISA_USAGE = YES_ERROR;
				CLANG_WARN_DOCUMENTATION_COMMENTS = YES;
				CLANG_WARN_EMPTY_BODY = YES;
				CLANG_WARN_ENUM_CONVERSION = YES;
				CLANG_WARN_INFINITE_RECURSION = YES;
				CLANG_WARN_INT_CONVERSION = YES;
				CLANG_WARN_NON_LITERAL_NULL_CONVERSION = YES;
				CLANG_WARN_OBJC_IMPLICIT_RETAIN_SELF = YES;
				CLANG_WARN_OBJC_LITERAL_CONVERSION = YES;
				CLANG_WARN_OBJC_ROOT_CLASS = YES_ERROR;
				CLANG_WARN_QUOTED_INCLUDE_IN_FRAMEWORK_HEADER = YES;
				CLANG_WARN_RANGE_LOOP_ANALYSIS = YES;
				CLANG_WARN_STRICT_PROTOTYPES = YES;
				CLANG_WARN_SUSPICIOUS_MOVE = YES;
				CLANG_WARN_UNGUARDED_AVAILABILITY = YES_AGGRESSIVE;
				CLANG_WARN_UNREACHABLE_CODE = YES;
				CLANG_WARN__DUPLICATE_METHOD_MATCH = YES;
				COPY_PHASE_STRIP = NO;
				DEBUG_INFORMATION_FORMAT = dwarf;
				ENABLE_STRICT_OBJC_MSGSEND = YES;
				ENABLE_TESTABILITY = YES;
				ENABLE_USER_SCRIPT_SANDBOXING = YES;
				GCC_C_LANGUAGE_STANDARD = gnu17;
				GCC_DYNAMIC_NO_PIC = NO;
				GCC_NO_COMMON_BLOCKS = YES;
				GCC_OPTIMIZATION_LEVEL = 0;
				GCC_PREPROCESSOR_DEFINITIONS = (
					"DEBUG=1",
					"$(inherited)",
				);
				GCC_WARN_64_TO_32_BIT_CONVERSION = YES;
				GCC_WARN_ABOUT_RETURN_TYPE = YES_ERROR;
				GCC_WARN_UNDECLARED_SELECTOR = YES;
				GCC_WARN_UNINITIALIZED_AUTOS = YES_AGGRESSIVE;
				GCC_WARN_UNUSED_FUNCTION = YES;
				GCC_WARN_UNUSED_VARIABLE = YES;
				IPHONEOS_DEPLOYMENT_TARGET = 17.4;
				LOCALIZATION_PREFERS_STRING_CATALOGS = YES;
				MTL_ENABLE_DEBUG_INFO = INCLUDE_SOURCE;
				MTL_FAST_MATH = YES;
				ONLY_ACTIVE_ARCH = YES;
				SDKROOT = iphoneos;
				SWIFT_ACTIVE_COMPILATION_CONDITIONS = "DEBUG $(inherited)";
				SWIFT_OPTIMIZATION_LEVEL = "-Onone";
			};
			name = Debug;
		};
		922427F92BDC55D800BCED8A /* Release */ = {
			isa = XCBuildConfiguration;
			buildSettings = {
				ALWAYS_SEARCH_USER_PATHS = NO;
				ASSETCATALOG_COMPILER_GENERATE_SWIFT_ASSET_SYMBOL_EXTENSIONS = YES;
				CLANG_ANALYZER_NONNULL = YES;
				CLANG_ANALYZER_NUMBER_OBJECT_CONVERSION = YES_AGGRESSIVE;
				CLANG_CXX_LANGUAGE_STANDARD = "gnu++20";
				CLANG_ENABLE_MODULES = YES;
				CLANG_ENABLE_OBJC_ARC = YES;
				CLANG_ENABLE_OBJC_WEAK = YES;
				CLANG_WARN_BLOCK_CAPTURE_AUTORELEASING = YES;
				CLANG_WARN_BOOL_CONVERSION = YES;
				CLANG_WARN_COMMA = YES;
				CLANG_WARN_CONSTANT_CONVERSION = YES;
				CLANG_WARN_DEPRECATED_OBJC_IMPLEMENTATIONS = YES;
				CLANG_WARN_DIRECT_OBJC_ISA_USAGE = YES_ERROR;
				CLANG_WARN_DOCUMENTATION_COMMENTS = YES;
				CLANG_WARN_EMPTY_BODY = YES;
				CLANG_WARN_ENUM_CONVERSION = YES;
				CLANG_WARN_INFINITE_RECURSION = YES;
				CLANG_WARN_INT_CONVERSION = YES;
				CLANG_WARN_NON_LITERAL_NULL_CONVERSION = YES;
				CLANG_WARN_OBJC_IMPLICIT_RETAIN_SELF = YES;
				CLANG_WARN_OBJC_LITERAL_CONVERSION = YES;
				CLANG_WARN_OBJC_ROOT_CLASS = YES_ERROR;
				CLANG_WARN_QUOTED_INCLUDE_IN_FRAMEWORK_HEADER = YES;
				CLANG_WARN_RANGE_LOOP_ANALYSIS = YES;
				CLANG_WARN_STRICT_PROTOTYPES = YES;
				CLANG_WARN_SUSPICIOUS_MOVE = YES;
				CLANG_WARN_UNGUARDED_AVAILABILITY = YES_AGGRESSIVE;
				CLANG_WARN_UNREACHABLE_CODE = YES;
				CLANG_WARN__DUPLICATE_METHOD_MATCH = YES;
				COPY_PHASE_STRIP = NO;
				DEBUG_INFORMATION_FORMAT = "dwarf-with-dsym";
				ENABLE_NS_ASSERTIONS = NO;
				ENABLE_STRICT_OBJC_MSGSEND = YES;
				ENABLE_USER_SCRIPT_SANDBOXING = YES;
				GCC_C_LANGUAGE_STANDARD = gnu17;
				GCC_NO_COMMON_BLOCKS = YES;
				GCC_WARN_64_TO_32_BIT_CONVERSION = YES;
				GCC_WARN_ABOUT_RETURN_TYPE = YES_ERROR;
				GCC_WARN_UNDECLARED_SELECTOR = YES;
				GCC_WARN_UNINITIALIZED_AUTOS = YES_AGGRESSIVE;
				GCC_WARN_UNUSED_FUNCTION = YES;
				GCC_WARN_UNUSED_VARIABLE = YES;
				IPHONEOS_DEPLOYMENT_TARGET = 17.4;
				LOCALIZATION_PREFERS_STRING_CATALOGS = YES;
				MTL_ENABLE_DEBUG_INFO = NO;
				MTL_FAST_MATH = YES;
				SDKROOT = iphoneos;
				SWIFT_COMPILATION_MODE = wholemodule;
				VALIDATE_PRODUCT = YES;
			};
			name = Release;
		};
		922427FB2BDC55D800BCED8A /* Debug */ = {
			isa = XCBuildConfiguration;
			buildSettings = {
				ASSETCATALOG_COMPILER_APPICON_NAME = AppIcon;
				ASSETCATALOG_COMPILER_GLOBAL_ACCENT_COLOR_NAME = AccentColor;
				CODE_SIGN_STYLE = Automatic;
				CURRENT_PROJECT_VERSION = 1;
				DEVELOPMENT_TEAM = XL22HPD9WP;
				GENERATE_INFOPLIST_FILE = YES;
				INFOPLIST_FILE = SOLIDprinciples/Info.plist;
				INFOPLIST_KEY_UIApplicationSupportsIndirectInputEvents = YES;
				INFOPLIST_KEY_UILaunchStoryboardName = LaunchScreen;
				INFOPLIST_KEY_UIMainStoryboardFile = Main;
				INFOPLIST_KEY_UISupportedInterfaceOrientations_iPad = "UIInterfaceOrientationPortrait UIInterfaceOrientationPortraitUpsideDown UIInterfaceOrientationLandscapeLeft UIInterfaceOrientationLandscapeRight";
				INFOPLIST_KEY_UISupportedInterfaceOrientations_iPhone = "UIInterfaceOrientationPortrait UIInterfaceOrientationLandscapeLeft UIInterfaceOrientationLandscapeRight";
				LD_RUNPATH_SEARCH_PATHS = (
					"$(inherited)",
					"@executable_path/Frameworks",
				);
				MARKETING_VERSION = 1.0;
				PRODUCT_BUNDLE_IDENTIFIER = com.fitsnap.ios.app.SOLIDprinciples;
				PRODUCT_NAME = "$(TARGET_NAME)";
				SWIFT_EMIT_LOC_STRINGS = YES;
				SWIFT_VERSION = 5.0;
				TARGETED_DEVICE_FAMILY = "1,2";
			};
			name = Debug;
		};
		922427FC2BDC55D800BCED8A /* Release */ = {
			isa = XCBuildConfiguration;
			buildSettings = {
				ASSETCATALOG_COMPILER_APPICON_NAME = AppIcon;
				ASSETCATALOG_COMPILER_GLOBAL_ACCENT_COLOR_NAME = AccentColor;
				CODE_SIGN_STYLE = Automatic;
				CURRENT_PROJECT_VERSION = 1;
				DEVELOPMENT_TEAM = XL22HPD9WP;
				GENERATE_INFOPLIST_FILE = YES;
				INFOPLIST_FILE = SOLIDprinciples/Info.plist;
				INFOPLIST_KEY_UIApplicationSupportsIndirectInputEvents = YES;
				INFOPLIST_KEY_UILaunchStoryboardName = LaunchScreen;
				INFOPLIST_KEY_UIMainStoryboardFile = Main;
				INFOPLIST_KEY_UISupportedInterfaceOrientations_iPad = "UIInterfaceOrientationPortrait UIInterfaceOrientationPortraitUpsideDown UIInterfaceOrientationLandscapeLeft UIInterfaceOrientationLandscapeRight";
				INFOPLIST_KEY_UISupportedInterfaceOrientations_iPhone = "UIInterfaceOrientationPortrait UIInterfaceOrientationLandscapeLeft UIInterfaceOrientationLandscapeRight";
				LD_RUNPATH_SEARCH_PATHS = (
					"$(inherited)",
					"@executable_path/Frameworks",
				);
				MARKETING_VERSION = 1.0;
				PRODUCT_BUNDLE_IDENTIFIER = com.fitsnap.ios.app.SOLIDprinciples;
				PRODUCT_NAME = "$(TARGET_NAME)";
				SWIFT_EMIT_LOC_STRINGS = YES;
				SWIFT_VERSION = 5.0;
				TARGETED_DEVICE_FAMILY = "1,2";
			};
			name = Release;
		};
/* End XCBuildConfiguration section */

/* Begin XCConfigurationList section */
		922427E12BDC55D700BCED8A /* Build configuration list for PBXProject "SOLIDprinciples" */ = {
			isa = XCConfigurationList;
			buildConfigurations = (
				922427F82BDC55D800BCED8A /* Debug */,
				922427F92BDC55D800BCED8A /* Release */,
			);
			defaultConfigurationIsVisible = 0;
			defaultConfigurationName = Release;
		};
		922427FA2BDC55D800BCED8A /* Build configuration list for PBXNativeTarget "SOLIDprinciples" */ = {
			isa = XCConfigurationList;
			buildConfigurations = (
				922427FB2BDC55D800BCED8A /* Debug */,
				922427FC2BDC55D800BCED8A /* Release */,
			);
			defaultConfigurationIsVisible = 0;
			defaultConfigurationName = Release;
		};
/* End XCConfigurationList section */
	};
	rootObject = 922427DE2BDC55D700BCED8A /* Project object */;
}
